Microsoft Visual Studio Solution File, Format Version 12.00
# Visual Studio Version 17
VisualStudioVersion = 17.5.2.0
MinimumVisualStudioVersion = 10.0.40219.1
Project("{FAE04EC0-301F-11D3-BF4B-00C04F79EFBC}") = "WorkTimeAPI", "WorkTimeAPI\WorkTimeAPI.csproj", "{6064DA56-E750-D902-C712-988F2E95F287}"
EndProject
Global
	GlobalSection(SolutionConfigurationPlatforms) = preSolution
		Debug|Any CPU = Debug|Any CPU
		Release|Any CPU = Release|Any CPU
	EndGlobalSection
	GlobalSection(ProjectConfigurationPlatforms) = postSolution
		{6064DA56-E750-D902-C712-988F2E95F287}.Debug|Any CPU.ActiveCfg = Debug|Any CPU
		{6064DA56-E750-D902-C712-988F2E95F287}.Debug|Any CPU.Build.0 = Debug|Any CPU
		{6064DA56-E750-D902-C712-988F2E95F287}.Release|Any CPU.ActiveCfg = Release|Any CPU
		{6064DA56-E750-D902-C712-988F2E95F287}.Release|Any CPU.Build.0 = Release|Any CPU
	EndGlobalSection
	GlobalSection(SolutionProperties) = preSolution
		HideSolutionNode = FALSE
	EndGlobalSection
	GlobalSection(ExtensibilityGlobals) = postSolution
		SolutionGuid = {17EC6F61-AD81-4AF9-893E-C46F94F011CB}
	EndGlobalSection
EndGlobal
